// !$*UTF8*$!
{
	archiveVersion = 1;
	classes = {
	};
	objectVersion = 50;
	objects = {

/* Begin PBXBuildFile section */
		2214DC5F2254E9EF0063EF04 /* ViewControllerForListOfProjects.swift in Sources */ = {isa = PBXBuildFile; fileRef = 2214DC5E2254E9EF0063EF04 /* ViewControllerForListOfProjects.swift */; };
		2214DC612254EABF0063EF04 /* ViewControllerTableViewCell.swift in Sources */ = {isa = PBXBuildFile; fileRef = 2214DC602254EABF0063EF04 /* ViewControllerTableViewCell.swift */; };
		2214DC632254EBB00063EF04 /* Data.swift in Sources */ = {isa = PBXBuildFile; fileRef = 2214DC622254EBB00063EF04 /* Data.swift */; };
		2214DC652254EBC00063EF04 /* ProjectModel.swift in Sources */ = {isa = PBXBuildFile; fileRef = 2214DC642254EBC00063EF04 /* ProjectModel.swift */; };
		3F0E6583224CED0900B38715 /* AppDelegate.swift in Sources */ = {isa = PBXBuildFile; fileRef = 3F0E6582224CED0900B38715 /* AppDelegate.swift */; };
		3F0E6585224CED0900B38715 /* ViewController.swift in Sources */ = {isa = PBXBuildFile; fileRef = 3F0E6584224CED0900B38715 /* ViewController.swift */; };
		3F0E6588224CED0900B38715 /* Main.storyboard in Resources */ = {isa = PBXBuildFile; fileRef = 3F0E6586224CED0900B38715 /* Main.storyboard */; };
		3F0E658A224CED0A00B38715 /* Assets.xcassets in Resources */ = {isa = PBXBuildFile; fileRef = 3F0E6589224CED0A00B38715 /* Assets.xcassets */; };
		3F0E658D224CED0A00B38715 /* LaunchScreen.storyboard in Resources */ = {isa = PBXBuildFile; fileRef = 3F0E658B224CED0A00B38715 /* LaunchScreen.storyboard */; };
		3F3AD8B322563536007A610B /* GoogleService-Info.plist in Resources */ = {isa = PBXBuildFile; fileRef = 3F3AD8B222563536007A610B /* GoogleService-Info.plist */; };
		3F3AD8B52256359F007A610B /* LoginController.swift in Sources */ = {isa = PBXBuildFile; fileRef = 3F3AD8B42256359F007A610B /* LoginController.swift */; };
		3F3AD8B7225637A8007A610B /* Authenticate.swift in Sources */ = {isa = PBXBuildFile; fileRef = 3F3AD8B6225637A8007A610B /* Authenticate.swift */; };
		6DC378E4201784666CCF810A /* Pods_Collaboration_app.framework in Frameworks */ = {isa = PBXBuildFile; fileRef = 14B43B325E9127262776C10E /* Pods_Collaboration_app.framework */; };
/* End PBXBuildFile section */

/* Begin PBXFileReference section */
		14B43B325E9127262776C10E /* Pods_Collaboration_app.framework */ = {isa = PBXFileReference; explicitFileType = wrapper.framework; includeInIndex = 0; path = Pods_Collaboration_app.framework; sourceTree = BUILT_PRODUCTS_DIR; };
		2214DC5E2254E9EF0063EF04 /* ViewControllerForListOfProjects.swift */ = {isa = PBXFileReference; lastKnownFileType = sourcecode.swift; path = ViewControllerForListOfProjects.swift; sourceTree = "<group>"; };
		2214DC602254EABF0063EF04 /* ViewControllerTableViewCell.swift */ = {isa = PBXFileReference; lastKnownFileType = sourcecode.swift; path = ViewControllerTableViewCell.swift; sourceTree = "<group>"; };
		2214DC622254EBB00063EF04 /* Data.swift */ = {isa = PBXFileReference; lastKnownFileType = sourcecode.swift; path = Data.swift; sourceTree = "<group>"; };
		2214DC642254EBC00063EF04 /* ProjectModel.swift */ = {isa = PBXFileReference; lastKnownFileType = sourcecode.swift; path = ProjectModel.swift; sourceTree = "<group>"; };
		3F0E657F224CED0900B38715 /* Collaboration app.app */ = {isa = PBXFileReference; explicitFileType = wrapper.application; includeInIndex = 0; path = "Collaboration app.app"; sourceTree = BUILT_PRODUCTS_DIR; };
		3F0E6582224CED0900B38715 /* AppDelegate.swift */ = {isa = PBXFileReference; lastKnownFileType = sourcecode.swift; path = AppDelegate.swift; sourceTree = "<group>"; };
		3F0E6584224CED0900B38715 /* ViewController.swift */ = {isa = PBXFileReference; lastKnownFileType = sourcecode.swift; path = ViewController.swift; sourceTree = "<group>"; };
		3F0E6587224CED0900B38715 /* Base */ = {isa = PBXFileReference; lastKnownFileType = file.storyboard; name = Base; path = Base.lproj/Main.storyboard; sourceTree = "<group>"; };
		3F0E6589224CED0A00B38715 /* Assets.xcassets */ = {isa = PBXFileReference; lastKnownFileType = folder.assetcatalog; path = Assets.xcassets; sourceTree = "<group>"; };
		3F0E658C224CED0A00B38715 /* Base */ = {isa = PBXFileReference; lastKnownFileType = file.storyboard; name = Base; path = Base.lproj/LaunchScreen.storyboard; sourceTree = "<group>"; };
		3F0E658E224CED0A00B38715 /* Info.plist */ = {isa = PBXFileReference; lastKnownFileType = text.plist.xml; path = Info.plist; sourceTree = "<group>"; };
		3F3AD8B222563536007A610B /* GoogleService-Info.plist */ = {isa = PBXFileReference; fileEncoding = 4; lastKnownFileType = text.plist.xml; name = "GoogleService-Info.plist"; path = "../../../../Downloads/GoogleService-Info.plist"; sourceTree = "<group>"; };
		3F3AD8B42256359F007A610B /* LoginController.swift */ = {isa = PBXFileReference; lastKnownFileType = sourcecode.swift; path = LoginController.swift; sourceTree = "<group>"; };
		3F3AD8B6225637A8007A610B /* Authenticate.swift */ = {isa = PBXFileReference; lastKnownFileType = sourcecode.swift; path = Authenticate.swift; sourceTree = "<group>"; };
		5B7A5EA4D75CD6957306EA10 /* Pods-Collaboration app.debug.xcconfig */ = {isa = PBXFileReference; includeInIndex = 1; lastKnownFileType = text.xcconfig; name = "Pods-Collaboration app.debug.xcconfig"; path = "Pods/Target Support Files/Pods-Collaboration app/Pods-Collaboration app.debug.xcconfig"; sourceTree = "<group>"; };
		A82E5E4B642A782DDD15592C /* Pods-Collaboration app.release.xcconfig */ = {isa = PBXFileReference; includeInIndex = 1; lastKnownFileType = text.xcconfig; name = "Pods-Collaboration app.release.xcconfig"; path = "Pods/Target Support Files/Pods-Collaboration app/Pods-Collaboration app.release.xcconfig"; sourceTree = "<group>"; };
/* End PBXFileReference section */

/* Begin PBXFrameworksBuildPhase section */
		3F0E657C224CED0900B38715 /* Frameworks */ = {
			isa = PBXFrameworksBuildPhase;
			buildActionMask = 2147483647;
			files = (
				6DC378E4201784666CCF810A /* Pods_Collaboration_app.framework in Frameworks */,
			);
			runOnlyForDeploymentPostprocessing = 0;
		};
/* End PBXFrameworksBuildPhase section */

/* Begin PBXGroup section */
		167DACB59C8FE0B5B505301C /* Frameworks */ = {
			isa = PBXGroup;
			children = (
				14B43B325E9127262776C10E /* Pods_Collaboration_app.framework */,
			);
			name = Frameworks;
			sourceTree = "<group>";
		};
		3F0E6576224CED0900B38715 = {
			isa = PBXGroup;
			children = (
				3F0E6581224CED0900B38715 /* Collaboration app */,
				3F0E6580224CED0900B38715 /* Products */,
				D2A286DA601696FFEF807C59 /* Pods */,
				167DACB59C8FE0B5B505301C /* Frameworks */,
			);
			sourceTree = "<group>";
		};
		3F0E6580224CED0900B38715 /* Products */ = {
			isa = PBXGroup;
			children = (
				3F0E657F224CED0900B38715 /* Collaboration app.app */,
			);
			name = Products;
			sourceTree = "<group>";
		};
		3F0E6581224CED0900B38715 /* Collaboration app */ = {
			isa = PBXGroup;
			children = (
				3F0E6582224CED0900B38715 /* AppDelegate.swift */,
				3F0E6584224CED0900B38715 /* ViewController.swift */,
				3F0E6586224CED0900B38715 /* Main.storyboard */,
				3F3AD8B42256359F007A610B /* LoginController.swift */,
				3F0E6589224CED0A00B38715 /* Assets.xcassets */,
				3F0E658B224CED0A00B38715 /* LaunchScreen.storyboard */,
				3F0E658E224CED0A00B38715 /* Info.plist */,
				2214DC5E2254E9EF0063EF04 /* ViewControllerForListOfProjects.swift */,
				2214DC602254EABF0063EF04 /* ViewControllerTableViewCell.swift */,
				2214DC622254EBB00063EF04 /* Data.swift */,
				3F3AD8B222563536007A610B /* GoogleService-Info.plist */,
				2214DC642254EBC00063EF04 /* ProjectModel.swift */,
				3F3AD8B6225637A8007A610B /* Authenticate.swift */,
			);
			path = "Collaboration app";
			sourceTree = "<group>";
		};
		D2A286DA601696FFEF807C59 /* Pods */ = {
			isa = PBXGroup;
			children = (
				5B7A5EA4D75CD6957306EA10 /* Pods-Collaboration app.debug.xcconfig */,
				A82E5E4B642A782DDD15592C /* Pods-Collaboration app.release.xcconfig */,
			);
			name = Pods;
			sourceTree = "<group>";
		};
/* End PBXGroup section */

/* Begin PBXNativeTarget section */
		3F0E657E224CED0900B38715 /* Collaboration app */ = {
			isa = PBXNativeTarget;
			buildConfigurationList = 3F0E6591224CED0A00B38715 /* Build configuration list for PBXNativeTarget "Collaboration app" */;
			buildPhases = (
				6B35B1D2E7E98FB7F106ACD1 /* [CP] Check Pods Manifest.lock */,
				3F0E657B224CED0900B38715 /* Sources */,
				3F0E657C224CED0900B38715 /* Frameworks */,
				3F0E657D224CED0900B38715 /* Resources */,
				1EE37A6E22CAEF16A913ECFF /* [CP] Embed Pods Frameworks */,
			);
			buildRules = (
			);
			dependencies = (
			);
			name = "Collaboration app";
			productName = "Collaboration app";
			productReference = 3F0E657F224CED0900B38715 /* Collaboration app.app */;
			productType = "com.apple.product-type.application";
		};
/* End PBXNativeTarget section */

/* Begin PBXProject section */
		3F0E6577224CED0900B38715 /* Project object */ = {
			isa = PBXProject;
			attributes = {
				LastSwiftUpdateCheck = 0940;
				LastUpgradeCheck = 0940;
				ORGANIZATIONNAME = MIT;
				TargetAttributes = {
					3F0E657E224CED0900B38715 = {
						CreatedOnToolsVersion = 9.4.1;
					};
				};
			};
			buildConfigurationList = 3F0E657A224CED0900B38715 /* Build configuration list for PBXProject "Collaboration app" */;
			compatibilityVersion = "Xcode 9.3";
			developmentRegion = en;
			hasScannedForEncodings = 0;
			knownRegions = (
				en,
				Base,
			);
			mainGroup = 3F0E6576224CED0900B38715;
			productRefGroup = 3F0E6580224CED0900B38715 /* Products */;
			projectDirPath = "";
			projectRoot = "";
			targets = (
				3F0E657E224CED0900B38715 /* Collaboration app */,
			);
		};
/* End PBXProject section */

/* Begin PBXResourcesBuildPhase section */
		3F0E657D224CED0900B38715 /* Resources */ = {
			isa = PBXResourcesBuildPhase;
			buildActionMask = 2147483647;
			files = (
				3F0E658D224CED0A00B38715 /* LaunchScreen.storyboard in Resources */,
				3F3AD8B322563536007A610B /* GoogleService-Info.plist in Resources */,
				3F0E658A224CED0A00B38715 /* Assets.xcassets in Resources */,
				3F0E6588224CED0900B38715 /* Main.storyboard in Resources */,
			);
			runOnlyForDeploymentPostprocessing = 0;
		};
/* End PBXResourcesBuildPhase section */

/* Begin PBXShellScriptBuildPhase section */
		1EE37A6E22CAEF16A913ECFF /* [CP] Embed Pods Frameworks */ = {
			isa = PBXShellScriptBuildPhase;
			buildActionMask = 2147483647;
			files = (
			);
			inputPaths = (
				"${SRCROOT}/Pods/Target Support Files/Pods-Collaboration app/Pods-Collaboration app-frameworks.sh",
				"${BUILT_PRODUCTS_DIR}/GTMSessionFetcher/GTMSessionFetcher.framework",
				"${BUILT_PRODUCTS_DIR}/GoogleUtilities/GoogleUtilities.framework",
				"${BUILT_PRODUCTS_DIR}/nanopb/nanopb.framework",
			);
			name = "[CP] Embed Pods Frameworks";
			outputPaths = (
				"${TARGET_BUILD_DIR}/${FRAMEWORKS_FOLDER_PATH}/GTMSessionFetcher.framework",
				"${TARGET_BUILD_DIR}/${FRAMEWORKS_FOLDER_PATH}/GoogleUtilities.framework",
				"${TARGET_BUILD_DIR}/${FRAMEWORKS_FOLDER_PATH}/nanopb.framework",
			);
			runOnlyForDeploymentPostprocessing = 0;
			shellPath = /bin/sh;
			shellScript = "\"${SRCROOT}/Pods/Target Support Files/Pods-Collaboration app/Pods-Collaboration app-frameworks.sh\"\n";
			showEnvVarsInLog = 0;
		};
		6B35B1D2E7E98FB7F106ACD1 /* [CP] Check Pods Manifest.lock */ = {
			isa = PBXShellScriptBuildPhase;
			buildActionMask = 2147483647;
			files = (
			);
			inputPaths = (
				"${PODS_PODFILE_DIR_PATH}/Podfile.lock",
				"${PODS_ROOT}/Manifest.lock",
			);
			name = "[CP] Check Pods Manifest.lock";
			outputPaths = (
				"$(DERIVED_FILE_DIR)/Pods-Collaboration app-checkManifestLockResult.txt",
			);
			runOnlyForDeploymentPostprocessing = 0;
			shellPath = /bin/sh;
			shellScript = "diff \"${PODS_PODFILE_DIR_PATH}/Podfile.lock\" \"${PODS_ROOT}/Manifest.lock\" > /dev/null\nif [ $? != 0 ] ; then\n    # print error to STDERR\n    echo \"error: The sandbox is not in sync with the Podfile.lock. Run 'pod install' or update your CocoaPods installation.\" >&2\n    exit 1\nfi\n# This output is used by Xcode 'outputs' to avoid re-running this script phase.\necho \"SUCCESS\" > \"${SCRIPT_OUTPUT_FILE_0}\"\n";
			showEnvVarsInLog = 0;
		};
/* End PBXShellScriptBuildPhase section */

/* Begin PBXSourcesBuildPhase section */
		3F0E657B224CED0900B38715 /* Sources */ = {
			isa = PBXSourcesBuildPhase;
			buildActionMask = 2147483647;
			files = (
				2214DC5F2254E9EF0063EF04 /* ViewControllerForListOfProjects.swift in Sources */,
				2214DC632254EBB00063EF04 /* Data.swift in Sources */,
				3F0E6585224CED0900B38715 /* ViewController.swift in Sources */,
				2214DC612254EABF0063EF04 /* ViewControllerTableViewCell.swift in Sources */,
				3F3AD8B7225637A8007A610B /* Authenticate.swift in Sources */,
				3F0E6583224CED0900B38715 /* AppDelegate.swift in Sources */,
				2214DC652254EBC00063EF04 /* ProjectModel.swift in Sources */,
				3F3AD8B52256359F007A610B /* LoginController.swift in Sources */,
			);
			runOnlyForDeploymentPostprocessing = 0;
		};
/* End PBXSourcesBuildPhase section */

/* Begin PBXVariantGroup section */
		3F0E6586224CED0900B38715 /* Main.storyboard */ = {
			isa = PBXVariantGroup;
			children = (
				3F0E6587224CED0900B38715 /* Base */,
			);
			name = Main.storyboard;
			sourceTree = "<group>";
		};
		3F0E658B224CED0A00B38715 /* LaunchScreen.storyboard */ = {
			isa = PBXVariantGroup;
			children = (
				3F0E658C224CED0A00B38715 /* Base */,
			);
			name = LaunchScreen.storyboard;
			sourceTree = "<group>";
		};
/* End PBXVariantGroup section */

/* Begin XCBuildConfiguration section */
		3F0E658F224CED0A00B38715 /* Debug */ = {
			isa = XCBuildConfiguration;
			buildSettings = {
				ALWAYS_SEARCH_USER_PATHS = NO;
				CLANG_ANALYZER_NONNULL = YES;
				CLANG_ANALYZER_NUMBER_OBJECT_CONVERSION = YES_AGGRESSIVE;
				CLANG_CXX_LANGUAGE_STANDARD = "gnu++14";
				CLANG_CXX_LIBRARY = "libc++";
				CLANG_ENABLE_MODULES = YES;
				CLANG_ENABLE_OBJC_ARC = YES;
				CLANG_ENABLE_OBJC_WEAK = YES;
				CLANG_WARN_BLOCK_CAPTURE_AUTORELEASING = YES;
				CLANG_WARN_BOOL_CONVERSION = YES;
				CLANG_WARN_COMMA = YES;
				CLANG_WARN_CONSTANT_CONVERSION = YES;
				CLANG_WARN_DEPRECATED_OBJC_IMPLEMENTATIONS = YES;
				CLANG_WARN_DIRECT_OBJC_ISA_USAGE = YES_ERROR;
				CLANG_WARN_DOCUMENTATION_COMMENTS = YES;
				CLANG_WARN_EMPTY_BODY = YES;
				CLANG_WARN_ENUM_CONVERSION = YES;
				CLANG_WARN_INFINITE_RECURSION = YES;
				CLANG_WARN_INT_CONVERSION = YES;
				CLANG_WARN_NON_LITERAL_NULL_CONVERSION = YES;
				CLANG_WARN_OBJC_IMPLICIT_RETAIN_SELF = YES;
				CLANG_WARN_OBJC_LITERAL_CONVERSION = YES;
				CLANG_WARN_OBJC_ROOT_CLASS = YES_ERROR;
				CLANG_WARN_RANGE_LOOP_ANALYSIS = YES;
				CLANG_WARN_STRICT_PROTOTYPES = YES;
				CLANG_WARN_SUSPICIOUS_MOVE = YES;
				CLANG_WARN_UNGUARDED_AVAILABILITY = YES_AGGRESSIVE;
				CLANG_WARN_UNREACHABLE_CODE = YES;
				CLANG_WARN__DUPLICATE_METHOD_MATCH = YES;
				CODE_SIGN_IDENTITY = "iPhone Developer";
				COPY_PHASE_STRIP = NO;
				DEBUG_INFORMATION_FORMAT = dwarf;
				ENABLE_STRICT_OBJC_MSGSEND = YES;
				ENABLE_TESTABILITY = YES;
				GCC_C_LANGUAGE_STANDARD = gnu11;
				GCC_DYNAMIC_NO_PIC = NO;
				GCC_NO_COMMON_BLOCKS = YES;
				GCC_OPTIMIZATION_LEVEL = 0;
				GCC_PREPROCESSOR_DEFINITIONS = (
					"DEBUG=1",
					"$(inherited)",
				);
				GCC_WARN_64_TO_32_BIT_CONVERSION = YES;
				GCC_WARN_ABOUT_RETURN_TYPE = YES_ERROR;
				GCC_WARN_UNDECLARED_SELECTOR = YES;
				GCC_WARN_UNINITIALIZED_AUTOS = YES_AGGRESSIVE;
				GCC_WARN_UNUSED_FUNCTION = YES;
				GCC_WARN_UNUSED_VARIABLE = YES;
				IPHONEOS_DEPLOYMENT_TARGET = 11.4;
				MTL_ENABLE_DEBUG_INFO = YES;
				ONLY_ACTIVE_ARCH = YES;
				SDKROOT = iphoneos;
				SWIFT_ACTIVE_COMPILATION_CONDITIONS = DEBUG;
				SWIFT_OPTIMIZATION_LEVEL = "-Onone";
			};
			name = Debug;
		};
		3F0E6590224CED0A00B38715 /* Release */ = {
			isa = XCBuildConfiguration;
			buildSettings = {
				ALWAYS_SEARCH_USER_PATHS = NO;
				CLANG_ANALYZER_NONNULL = YES;
				CLANG_ANALYZER_NUMBER_OBJECT_CONVERSION = YES_AGGRESSIVE;
				CLANG_CXX_LANGUAGE_STANDARD = "gnu++14";
				CLANG_CXX_LIBRARY = "libc++";
				CLANG_ENABLE_MODULES = YES;
				CLANG_ENABLE_OBJC_ARC = YES;
				CLANG_ENABLE_OBJC_WEAK = YES;
				CLANG_WARN_BLOCK_CAPTURE_AUTORELEASING = YES;
				CLANG_WARN_BOOL_CONVERSION = YES;
				CLANG_WARN_COMMA = YES;
				CLANG_WARN_CONSTANT_CONVERSION = YES;
				CLANG_WARN_DEPRECATED_OBJC_IMPLEMENTATIONS = YES;
				CLANG_WARN_DIRECT_OBJC_ISA_USAGE = YES_ERROR;
				CLANG_WARN_DOCUMENTATION_COMMENTS = YES;
				CLANG_WARN_EMPTY_BODY = YES;
				CLANG_WARN_ENUM_CONVERSION = YES;
				CLANG_WARN_INFINITE_RECURSION = YES;
				CLANG_WARN_INT_CONVERSION = YES;
				CLANG_WARN_NON_LITERAL_NULL_CONVERSION = YES;
				CLANG_WARN_OBJC_IMPLICIT_RETAIN_SELF = YES;
				CLANG_WARN_OBJC_LITERAL_CONVERSION = YES;
				CLANG_WARN_OBJC_ROOT_CLASS = YES_ERROR;
				CLANG_WARN_RANGE_LOOP_ANALYSIS = YES;
				CLANG_WARN_STRICT_PROTOTYPES = YES;
				CLANG_WARN_SUSPICIOUS_MOVE = YES;
				CLANG_WARN_UNGUARDED_AVAILABILITY = YES_AGGRESSIVE;
				CLANG_WARN_UNREACHABLE_CODE = YES;
				CLANG_WARN__DUPLICATE_METHOD_MATCH = YES;
				CODE_SIGN_IDENTITY = "iPhone Developer";
				COPY_PHASE_STRIP = NO;
				DEBUG_INFORMATION_FORMAT = "dwarf-with-dsym";
				ENABLE_NS_ASSERTIONS = NO;
				ENABLE_STRICT_OBJC_MSGSEND = YES;
				GCC_C_LANGUAGE_STANDARD = gnu11;
				GCC_NO_COMMON_BLOCKS = YES;
				GCC_WARN_64_TO_32_BIT_CONVERSION = YES;
				GCC_WARN_ABOUT_RETURN_TYPE = YES_ERROR;
				GCC_WARN_UNDECLARED_SELECTOR = YES;
				GCC_WARN_UNINITIALIZED_AUTOS = YES_AGGRESSIVE;
				GCC_WARN_UNUSED_FUNCTION = YES;
				GCC_WARN_UNUSED_VARIABLE = YES;
				IPHONEOS_DEPLOYMENT_TARGET = 11.4;
				MTL_ENABLE_DEBUG_INFO = NO;
				SDKROOT = iphoneos;
				SWIFT_COMPILATION_MODE = wholemodule;
				SWIFT_OPTIMIZATION_LEVEL = "-O";
				VALIDATE_PRODUCT = YES;
			};
			name = Release;
		};
		3F0E6592224CED0A00B38715 /* Debug */ = {
			isa = XCBuildConfiguration;
			baseConfigurationReference = 5B7A5EA4D75CD6957306EA10 /* Pods-Collaboration app.debug.xcconfig */;
			buildSettings = {
				ASSETCATALOG_COMPILER_APPICON_NAME = AppIcon;
				CODE_SIGN_STYLE = Automatic;
				INFOPLIST_FILE = "Collaboration app/Info.plist";
				LD_RUNPATH_SEARCH_PATHS = (
					"$(inherited)",
					"@executable_path/Frameworks",
				);
				PRODUCT_BUNDLE_IDENTIFIER = "student.Collaboration-app";
				PRODUCT_NAME = "$(TARGET_NAME)";
				SWIFT_VERSION = 4.0;
				TARGETED_DEVICE_FAMILY = "1,2";
			};
			name = Debug;
		};
		3F0E6593224CED0A00B38715 /* Release */ = {
			isa = XCBuildConfiguration;
			baseConfigurationReference = A82E5E4B642A782DDD15592C /* Pods-Collaboration app.release.xcconfig */;
			buildSettings = {
				ASSETCATALOG_COMPILER_APPICON_NAME = AppIcon;
				CODE_SIGN_STYLE = Automatic;
				INFOPLIST_FILE = "Collaboration app/Info.plist";
				LD_RUNPATH_SEARCH_PATHS = (
					"$(inherited)",
					"@executable_path/Frameworks",
				);
				PRODUCT_BUNDLE_IDENTIFIER = "student.Collaboration-app";
				PRODUCT_NAME = "$(TARGET_NAME)";
				SWIFT_VERSION = 4.0;
				TARGETED_DEVICE_FAMILY = "1,2";
			};
			name = Release;
		};
/* End XCBuildConfiguration section */

/* Begin XCConfigurationList section */
		3F0E657A224CED0900B38715 /* Build configuration list for PBXProject "Collaboration app" */ = {
			isa = XCConfigurationList;
			buildConfigurations = (
				3F0E658F224CED0A00B38715 /* Debug */,
				3F0E6590224CED0A00B38715 /* Release */,
			);
			defaultConfigurationIsVisible = 0;
			defaultConfigurationName = Release;
		};
		3F0E6591224CED0A00B38715 /* Build configuration list for PBXNativeTarget "Collaboration app" */ = {
			isa = XCConfigurationList;
			buildConfigurations = (
				3F0E6592224CED0A00B38715 /* Debug */,
				3F0E6593224CED0A00B38715 /* Release */,
			);
			defaultConfigurationIsVisible = 0;
			defaultConfigurationName = Release;
		};
/* End XCConfigurationList section */
	};
	rootObject = 3F0E6577224CED0900B38715 /* Project object */;
}
